
Microsoft Visual Studio Solution File, Format Version 12.00
# Visual Studio 15
VisualStudioVersion = 15.0.27703.2026
MinimumVisualStudioVersion = 10.0.40219.1
Project("{FAE04EC0-301F-11D3-BF4B-00C04F79EFBC}") = "TestProject", "TestProject\TestProject.csproj", "{4BE79BDE-5711-4A3C-A6EA-A6821E665823}"
EndProject
Global
	GlobalSection(SolutionConfigurationPlatforms) = preSolution
		Debug|Any CPU = Debug|Any CPU
		Release|Any CPU = Release|Any CPU
	EndGlobalSection
	GlobalSection(ProjectConfigurationPlatforms) = postSolution
		{4BE79BDE-5711-4A3C-A6EA-A6821E665823}.Debug|Any CPU.ActiveCfg = Debug|Any CPU
		{4BE79BDE-5711-4A3C-A6EA-A6821E665823}.Debug|Any CPU.Build.0 = Debug|Any CPU
		{4BE79BDE-5711-4A3C-A6EA-A6821E665823}.Release|Any CPU.ActiveCfg = Release|Any CPU
		{4BE79BDE-5711-4A3C-A6EA-A6821E665823}.Release|Any CPU.Build.0 = Release|Any CPU
	EndGlobalSection
	GlobalSection(SolutionProperties) = preSolution
		HideSolutionNode = FALSE
	EndGlobalSection
	GlobalSection(ExtensibilityGlobals) = postSolution
		SolutionGuid = {AEA13901-748D-4277-8046-8F33A3BC2C9D}
	EndGlobalSection
EndGlobal
